
Microsoft Visual Studio Solution File, Format Version 12.00
# Visual Studio 15
VisualStudioVersion = 15.0.28307.852
MinimumVisualStudioVersion = 10.0.40219.1
Project("{FAE04EC0-301F-11D3-BF4B-00C04F79EFBC}") = "Task4.DAL", "Task4.DAL\Task4.DAL.csproj", "{7B2992F8-071F-405B-A735-0E2B4E588689}"
EndProject
Project("{FAE04EC0-301F-11D3-BF4B-00C04F79EFBC}") = "Task4.BL", "Task4.BL\Task4.BL.csproj", "{376E8F5C-4302-4058-9CBA-5C2E275DE593}"
EndProject
Project("{FAE04EC0-301F-11D3-BF4B-00C04F79EFBC}") = "Task4.Service", "Task4.Service\Task4.Service.csproj", "{002A968E-5FF1-4EB8-8B80-13D2B21C9FD6}"
EndProject
Project("{FAE04EC0-301F-11D3-BF4B-00C04F79EFBC}") = "Task4.ConsoleClient", "Task4.ConsoleClient\Task4.ConsoleClient.csproj", "{ADC31390-C3F1-4F62-9FAE-C2A058210851}"
EndProject
Global
	GlobalSection(SolutionConfigurationPlatforms) = preSolution
		Debug|Any CPU = Debug|Any CPU
		Release|Any CPU = Release|Any CPU
	EndGlobalSection
	GlobalSection(ProjectConfigurationPlatforms) = postSolution
		{7B2992F8-071F-405B-A735-0E2B4E588689}.Debug|Any CPU.ActiveCfg = Debug|Any CPU
		{7B2992F8-071F-405B-A735-0E2B4E588689}.Debug|Any CPU.Build.0 = Debug|Any CPU
		{7B2992F8-071F-405B-A735-0E2B4E588689}.Release|Any CPU.ActiveCfg = Release|Any CPU
		{7B2992F8-071F-405B-A735-0E2B4E588689}.Release|Any CPU.Build.0 = Release|Any CPU
		{376E8F5C-4302-4058-9CBA-5C2E275DE593}.Debug|Any CPU.ActiveCfg = Debug|Any CPU
		{376E8F5C-4302-4058-9CBA-5C2E275DE593}.Debug|Any CPU.Build.0 = Debug|Any CPU
		{376E8F5C-4302-4058-9CBA-5C2E275DE593}.Release|Any CPU.ActiveCfg = Release|Any CPU
		{376E8F5C-4302-4058-9CBA-5C2E275DE593}.Release|Any CPU.Build.0 = Release|Any CPU
		{002A968E-5FF1-4EB8-8B80-13D2B21C9FD6}.Debug|Any CPU.ActiveCfg = Debug|Any CPU
		{002A968E-5FF1-4EB8-8B80-13D2B21C9FD6}.Debug|Any CPU.Build.0 = Debug|Any CPU
		{002A968E-5FF1-4EB8-8B80-13D2B21C9FD6}.Release|Any CPU.ActiveCfg = Release|Any CPU
		{002A968E-5FF1-4EB8-8B80-13D2B21C9FD6}.Release|Any CPU.Build.0 = Release|Any CPU
		{ADC31390-C3F1-4F62-9FAE-C2A058210851}.Debug|Any CPU.ActiveCfg = Debug|Any CPU
		{ADC31390-C3F1-4F62-9FAE-C2A058210851}.Debug|Any CPU.Build.0 = Debug|Any CPU
		{ADC31390-C3F1-4F62-9FAE-C2A058210851}.Release|Any CPU.ActiveCfg = Release|Any CPU
		{ADC31390-C3F1-4F62-9FAE-C2A058210851}.Release|Any CPU.Build.0 = Release|Any CPU
	EndGlobalSection
	GlobalSection(SolutionProperties) = preSolution
		HideSolutionNode = FALSE
	EndGlobalSection
	GlobalSection(ExtensibilityGlobals) = postSolution
		SolutionGuid = {53F0182E-CD3A-41BF-812D-532677DE51D8}
	EndGlobalSection
EndGlobal
