
Microsoft Visual Studio Solution File, Format Version 12.00
# Visual Studio 15
VisualStudioVersion = 15.0.28307.852
MinimumVisualStudioVersion = 10.0.40219.1
Project("{FAE04EC0-301F-11D3-BF4B-00C04F79EFBC}") = "Mediateka", "Mediateka\Mediateka.csproj", "{D192DCDD-AA33-4AE5-8688-7C0702F506C4}"
EndProject
Project("{FAE04EC0-301F-11D3-BF4B-00C04F79EFBC}") = "work", "work\work.csproj", "{80ED4FC2-8AFE-47A4-9568-8CD538EECBEC}"
EndProject
Global
	GlobalSection(SolutionConfigurationPlatforms) = preSolution
		Debug|Any CPU = Debug|Any CPU
		Release|Any CPU = Release|Any CPU
	EndGlobalSection
	GlobalSection(ProjectConfigurationPlatforms) = postSolution
		{D192DCDD-AA33-4AE5-8688-7C0702F506C4}.Debug|Any CPU.ActiveCfg = Debug|Any CPU
		{D192DCDD-AA33-4AE5-8688-7C0702F506C4}.Debug|Any CPU.Build.0 = Debug|Any CPU
		{D192DCDD-AA33-4AE5-8688-7C0702F506C4}.Release|Any CPU.ActiveCfg = Release|Any CPU
		{D192DCDD-AA33-4AE5-8688-7C0702F506C4}.Release|Any CPU.Build.0 = Release|Any CPU
		{80ED4FC2-8AFE-47A4-9568-8CD538EECBEC}.Debug|Any CPU.ActiveCfg = Debug|Any CPU
		{80ED4FC2-8AFE-47A4-9568-8CD538EECBEC}.Debug|Any CPU.Build.0 = Debug|Any CPU
		{80ED4FC2-8AFE-47A4-9568-8CD538EECBEC}.Release|Any CPU.ActiveCfg = Release|Any CPU
		{80ED4FC2-8AFE-47A4-9568-8CD538EECBEC}.Release|Any CPU.Build.0 = Release|Any CPU
	EndGlobalSection
	GlobalSection(SolutionProperties) = preSolution
		HideSolutionNode = FALSE
	EndGlobalSection
	GlobalSection(ExtensibilityGlobals) = postSolution
		SolutionGuid = {31246078-8706-4155-A80D-7507131DC65C}
	EndGlobalSection
EndGlobal
